
Microsoft Visual Studio Solution File, Format Version 12.00
# Visual Studio 15
VisualStudioVersion = 15.0.28010.0
MinimumVisualStudioVersion = 10.0.40219.1
Project("{FAE04EC0-301F-11D3-BF4B-00C04F79EFBC}") = "ThreadIt", "ThreadIt\ThreadIt.csproj", "{D72DE4E6-97BD-4E0B-B3DC-34E2B03B4F70}"
EndProject
Global
	GlobalSection(SolutionConfigurationPlatforms) = preSolution
		Debug|Any CPU = Debug|Any CPU
		Release|Any CPU = Release|Any CPU
	EndGlobalSection
	GlobalSection(ProjectConfigurationPlatforms) = postSolution
		{D72DE4E6-97BD-4E0B-B3DC-34E2B03B4F70}.Debug|Any CPU.ActiveCfg = Debug|Any CPU
		{D72DE4E6-97BD-4E0B-B3DC-34E2B03B4F70}.Debug|Any CPU.Build.0 = Debug|Any CPU
		{D72DE4E6-97BD-4E0B-B3DC-34E2B03B4F70}.Release|Any CPU.ActiveCfg = Release|Any CPU
		{D72DE4E6-97BD-4E0B-B3DC-34E2B03B4F70}.Release|Any CPU.Build.0 = Release|Any CPU
	EndGlobalSection
	GlobalSection(SolutionProperties) = preSolution
		HideSolutionNode = FALSE
	EndGlobalSection
	GlobalSection(ExtensibilityGlobals) = postSolution
		SolutionGuid = {FB325F82-1159-4C48-A994-E227135FA31F}
	EndGlobalSection
EndGlobal
